// !$*UTF8*$!
{
	archiveVersion = 1;
	classes = {
	};
	objectVersion = 46;
	objects = {

/* Begin PBXBuildFile section */
		166B3E48195806EE003B9420 /* Foundation.framework in Frameworks */ = {isa = PBXBuildFile; fileRef = 166B3E47195806EE003B9420 /* Foundation.framework */; };
		166B3E4A195806EE003B9420 /* CoreGraphics.framework in Frameworks */ = {isa = PBXBuildFile; fileRef = 166B3E49195806EE003B9420 /* CoreGraphics.framework */; };
		166B3E4C195806EE003B9420 /* UIKit.framework in Frameworks */ = {isa = PBXBuildFile; fileRef = 166B3E4B195806EE003B9420 /* UIKit.framework */; };
		166B3E52195806EE003B9420 /* InfoPlist.strings in Resources */ = {isa = PBXBuildFile; fileRef = 166B3E50195806EE003B9420 /* InfoPlist.strings */; };
		166B3E54195806EE003B9420 /* main.m in Sources */ = {isa = PBXBuildFile; fileRef = 166B3E53195806EE003B9420 /* main.m */; };
		166B3E58195806EE003B9420 /* HEREAppDelegate.m in Sources */ = {isa = PBXBuildFile; fileRef = 166B3E57195806EE003B9420 /* HEREAppDelegate.m */; };
		166B3E5B195806EE003B9420 /* Main.storyboard in Resources */ = {isa = PBXBuildFile; fileRef = 166B3E59195806EE003B9420 /* Main.storyboard */; };
		166B3E5E195806EE003B9420 /* HEREViewController.m in Sources */ = {isa = PBXBuildFile; fileRef = 166B3E5D195806EE003B9420 /* HEREViewController.m */; };
		166B3E60195806EE003B9420 /* Images.xcassets in Resources */ = {isa = PBXBuildFile; fileRef = 166B3E5F195806EE003B9420 /* Images.xcassets */; };
		166B3E67195806EE003B9420 /* XCTest.framework in Frameworks */ = {isa = PBXBuildFile; fileRef = 166B3E66195806EE003B9420 /* XCTest.framework */; };
		166B3E68195806EE003B9420 /* Foundation.framework in Frameworks */ = {isa = PBXBuildFile; fileRef = 166B3E47195806EE003B9420 /* Foundation.framework */; };
		166B3E69195806EE003B9420 /* UIKit.framework in Frameworks */ = {isa = PBXBuildFile; fileRef = 166B3E4B195806EE003B9420 /* UIKit.framework */; };
		166B3E71195806EE003B9420 /* InfoPlist.strings in Resources */ = {isa = PBXBuildFile; fileRef = 166B3E6F195806EE003B9420 /* InfoPlist.strings */; };
		166B3E73195806EE003B9420 /* HereappTests.m in Sources */ = {isa = PBXBuildFile; fileRef = 166B3E72195806EE003B9420 /* HereappTests.m */; };
		166B3E861959376A003B9420 /* MessageUI.framework in Frameworks */ = {isa = PBXBuildFile; fileRef = 166B3E851959376A003B9420 /* MessageUI.framework */; };
		167E36C2195F45B100F6125D /* P1030893.JPG in Resources */ = {isa = PBXBuildFile; fileRef = 167E36C1195F45B100F6125D /* P1030893.JPG */; };
		16DA07201989DB34002A9AF9 /* CoreLocation.framework in Frameworks */ = {isa = PBXBuildFile; fileRef = 16DA071F1989DB34002A9AF9 /* CoreLocation.framework */; };
/* End PBXBuildFile section */

/* Begin PBXContainerItemProxy section */
		166B3E6A195806EE003B9420 /* PBXContainerItemProxy */ = {
			isa = PBXContainerItemProxy;
			containerPortal = 166B3E3C195806EE003B9420 /* Project object */;
			proxyType = 1;
			remoteGlobalIDString = 166B3E43195806EE003B9420;
			remoteInfo = Hereapp;
		};
/* End PBXContainerItemProxy section */

/* Begin PBXFileReference section */
		166B3E44195806EE003B9420 /* Hereapp.app */ = {isa = PBXFileReference; explicitFileType = wrapper.application; includeInIndex = 0; path = Hereapp.app; sourceTree = BUILT_PRODUCTS_DIR; };
		166B3E47195806EE003B9420 /* Foundation.framework */ = {isa = PBXFileReference; lastKnownFileType = wrapper.framework; name = Foundation.framework; path = System/Library/Frameworks/Foundation.framework; sourceTree = SDKROOT; };
		166B3E49195806EE003B9420 /* CoreGraphics.framework */ = {isa = PBXFileReference; lastKnownFileType = wrapper.framework; name = CoreGraphics.framework; path = System/Library/Frameworks/CoreGraphics.framework; sourceTree = SDKROOT; };
		166B3E4B195806EE003B9420 /* UIKit.framework */ = {isa = PBXFileReference; lastKnownFileType = wrapper.framework; name = UIKit.framework; path = System/Library/Frameworks/UIKit.framework; sourceTree = SDKROOT; };
		166B3E4F195806EE003B9420 /* Hereapp-Info.plist */ = {isa = PBXFileReference; lastKnownFileType = text.plist.xml; path = "Hereapp-Info.plist"; sourceTree = "<group>"; };
		166B3E51195806EE003B9420 /* en */ = {isa = PBXFileReference; lastKnownFileType = text.plist.strings; name = en; path = en.lproj/InfoPlist.strings; sourceTree = "<group>"; };
		166B3E53195806EE003B9420 /* main.m */ = {isa = PBXFileReference; lastKnownFileType = sourcecode.c.objc; path = main.m; sourceTree = "<group>"; };
		166B3E55195806EE003B9420 /* Hereapp-Prefix.pch */ = {isa = PBXFileReference; lastKnownFileType = sourcecode.c.h; path = "Hereapp-Prefix.pch"; sourceTree = "<group>"; };
		166B3E56195806EE003B9420 /* HEREAppDelegate.h */ = {isa = PBXFileReference; lastKnownFileType = sourcecode.c.h; path = HEREAppDelegate.h; sourceTree = "<group>"; };
		166B3E57195806EE003B9420 /* HEREAppDelegate.m */ = {isa = PBXFileReference; lastKnownFileType = sourcecode.c.objc; path = HEREAppDelegate.m; sourceTree = "<group>"; };
		166B3E5A195806EE003B9420 /* Base */ = {isa = PBXFileReference; lastKnownFileType = file.storyboard; name = Base; path = Base.lproj/Main.storyboard; sourceTree = "<group>"; };
		166B3E5C195806EE003B9420 /* HEREViewController.h */ = {isa = PBXFileReference; lastKnownFileType = sourcecode.c.h; path = HEREViewController.h; sourceTree = "<group>"; };
		166B3E5D195806EE003B9420 /* HEREViewController.m */ = {isa = PBXFileReference; lastKnownFileType = sourcecode.c.objc; path = HEREViewController.m; sourceTree = "<group>"; };
		166B3E5F195806EE003B9420 /* Images.xcassets */ = {isa = PBXFileReference; lastKnownFileType = folder.assetcatalog; path = Images.xcassets; sourceTree = "<group>"; };
		166B3E65195806EE003B9420 /* HereappTests.xctest */ = {isa = PBXFileReference; explicitFileType = wrapper.cfbundle; includeInIndex = 0; path = HereappTests.xctest; sourceTree = BUILT_PRODUCTS_DIR; };
		166B3E66195806EE003B9420 /* XCTest.framework */ = {isa = PBXFileReference; lastKnownFileType = wrapper.framework; name = XCTest.framework; path = Library/Frameworks/XCTest.framework; sourceTree = DEVELOPER_DIR; };
		166B3E6E195806EE003B9420 /* HereappTests-Info.plist */ = {isa = PBXFileReference; lastKnownFileType = text.plist.xml; path = "HereappTests-Info.plist"; sourceTree = "<group>"; };
		166B3E70195806EE003B9420 /* en */ = {isa = PBXFileReference; lastKnownFileType = text.plist.strings; name = en; path = en.lproj/InfoPlist.strings; sourceTree = "<group>"; };
		166B3E72195806EE003B9420 /* HereappTests.m */ = {isa = PBXFileReference; lastKnownFileType = sourcecode.c.objc; path = HereappTests.m; sourceTree = "<group>"; };
		166B3E851959376A003B9420 /* MessageUI.framework */ = {isa = PBXFileReference; lastKnownFileType = wrapper.framework; name = MessageUI.framework; path = System/Library/Frameworks/MessageUI.framework; sourceTree = SDKROOT; };
		167E36C1195F45B100F6125D /* P1030893.JPG */ = {isa = PBXFileReference; lastKnownFileType = image.jpeg; path = P1030893.JPG; sourceTree = "<group>"; };
		16DA071F1989DB34002A9AF9 /* CoreLocation.framework */ = {isa = PBXFileReference; lastKnownFileType = wrapper.framework; name = CoreLocation.framework; path = System/Library/Frameworks/CoreLocation.framework; sourceTree = SDKROOT; };
/* End PBXFileReference section */

/* Begin PBXFrameworksBuildPhase section */
		166B3E41195806EE003B9420 /* Frameworks */ = {
			isa = PBXFrameworksBuildPhase;
			buildActionMask = 2147483647;
			files = (
				16DA07201989DB34002A9AF9 /* CoreLocation.framework in Frameworks */,
				166B3E861959376A003B9420 /* MessageUI.framework in Frameworks */,
				166B3E4A195806EE003B9420 /* CoreGraphics.framework in Frameworks */,
				166B3E4C195806EE003B9420 /* UIKit.framework in Frameworks */,
				166B3E48195806EE003B9420 /* Foundation.framework in Frameworks */,
			);
			runOnlyForDeploymentPostprocessing = 0;
		};
		166B3E62195806EE003B9420 /* Frameworks */ = {
			isa = PBXFrameworksBuildPhase;
			buildActionMask = 2147483647;
			files = (
				166B3E67195806EE003B9420 /* XCTest.framework in Frameworks */,
				166B3E69195806EE003B9420 /* UIKit.framework in Frameworks */,
				166B3E68195806EE003B9420 /* Foundation.framework in Frameworks */,
			);
			runOnlyForDeploymentPostprocessing = 0;
		};
/* End PBXFrameworksBuildPhase section */

/* Begin PBXGroup section */
		166B3E3B195806EE003B9420 = {
			isa = PBXGroup;
			children = (
				166B3E4D195806EE003B9420 /* Hereapp */,
				166B3E6C195806EE003B9420 /* HereappTests */,
				166B3E46195806EE003B9420 /* Frameworks */,
				166B3E45195806EE003B9420 /* Products */,
			);
			sourceTree = "<group>";
		};
		166B3E45195806EE003B9420 /* Products */ = {
			isa = PBXGroup;
			children = (
				166B3E44195806EE003B9420 /* Hereapp.app */,
				166B3E65195806EE003B9420 /* HereappTests.xctest */,
			);
			name = Products;
			sourceTree = "<group>";
		};
		166B3E46195806EE003B9420 /* Frameworks */ = {
			isa = PBXGroup;
			children = (
				16DA071F1989DB34002A9AF9 /* CoreLocation.framework */,
				166B3E851959376A003B9420 /* MessageUI.framework */,
				166B3E47195806EE003B9420 /* Foundation.framework */,
				166B3E49195806EE003B9420 /* CoreGraphics.framework */,
				166B3E4B195806EE003B9420 /* UIKit.framework */,
				166B3E66195806EE003B9420 /* XCTest.framework */,
			);
			name = Frameworks;
			sourceTree = "<group>";
		};
		166B3E4D195806EE003B9420 /* Hereapp */ = {
			isa = PBXGroup;
			children = (
				166B3E56195806EE003B9420 /* HEREAppDelegate.h */,
				166B3E57195806EE003B9420 /* HEREAppDelegate.m */,
				166B3E5C195806EE003B9420 /* HEREViewController.h */,
				166B3E5D195806EE003B9420 /* HEREViewController.m */,
				166B3E59195806EE003B9420 /* Main.storyboard */,
				166B3E5F195806EE003B9420 /* Images.xcassets */,
				166B3E4E195806EE003B9420 /* Supporting Files */,
			);
			path = Hereapp;
			sourceTree = "<group>";
		};
		166B3E4E195806EE003B9420 /* Supporting Files */ = {
			isa = PBXGroup;
			children = (
				167E36C1195F45B100F6125D /* P1030893.JPG */,
				166B3E4F195806EE003B9420 /* Hereapp-Info.plist */,
				166B3E50195806EE003B9420 /* InfoPlist.strings */,
				166B3E53195806EE003B9420 /* main.m */,
				166B3E55195806EE003B9420 /* Hereapp-Prefix.pch */,
			);
			name = "Supporting Files";
			sourceTree = "<group>";
		};
		166B3E6C195806EE003B9420 /* HereappTests */ = {
			isa = PBXGroup;
			children = (
				166B3E72195806EE003B9420 /* HereappTests.m */,
				166B3E6D195806EE003B9420 /* Supporting Files */,
			);
			path = HereappTests;
			sourceTree = "<group>";
		};
		166B3E6D195806EE003B9420 /* Supporting Files */ = {
			isa = PBXGroup;
			children = (
				166B3E6E195806EE003B9420 /* HereappTests-Info.plist */,
				166B3E6F195806EE003B9420 /* InfoPlist.strings */,
			);
			name = "Supporting Files";
			sourceTree = "<group>";
		};
/* End PBXGroup section */

/* Begin PBXNativeTarget section */
		166B3E43195806EE003B9420 /* Hereapp */ = {
			isa = PBXNativeTarget;
			buildConfigurationList = 166B3E76195806EE003B9420 /* Build configuration list for PBXNativeTarget "Hereapp" */;
			buildPhases = (
				166B3E40195806EE003B9420 /* Sources */,
				166B3E41195806EE003B9420 /* Frameworks */,
				166B3E42195806EE003B9420 /* Resources */,
			);
			buildRules = (
			);
			dependencies = (
			);
			name = Hereapp;
			productName = Hereapp;
			productReference = 166B3E44195806EE003B9420 /* Hereapp.app */;
			productType = "com.apple.product-type.application";
		};
		166B3E64195806EE003B9420 /* HereappTests */ = {
			isa = PBXNativeTarget;
			buildConfigurationList = 166B3E79195806EE003B9420 /* Build configuration list for PBXNativeTarget "HereappTests" */;
			buildPhases = (
				166B3E61195806EE003B9420 /* Sources */,
				166B3E62195806EE003B9420 /* Frameworks */,
				166B3E63195806EE003B9420 /* Resources */,
			);
			buildRules = (
			);
			dependencies = (
				166B3E6B195806EE003B9420 /* PBXTargetDependency */,
			);
			name = HereappTests;
			productName = HereappTests;
			productReference = 166B3E65195806EE003B9420 /* HereappTests.xctest */;
			productType = "com.apple.product-type.bundle.unit-test";
		};
/* End PBXNativeTarget section */

/* Begin PBXProject section */
		166B3E3C195806EE003B9420 /* Project object */ = {
			isa = PBXProject;
			attributes = {
				CLASSPREFIX = HERE;
				LastUpgradeCheck = 0510;
				ORGANIZATIONNAME = "Ryan Dejesus";
				TargetAttributes = {
					166B3E43195806EE003B9420 = {
						DevelopmentTeam = E6EPCZSPCT;
					};
					166B3E64195806EE003B9420 = {
						TestTargetID = 166B3E43195806EE003B9420;
					};
				};
			};
			buildConfigurationList = 166B3E3F195806EE003B9420 /* Build configuration list for PBXProject "Hereapp" */;
			compatibilityVersion = "Xcode 3.2";
			developmentRegion = English;
			hasScannedForEncodings = 0;
			knownRegions = (
				en,
				Base,
			);
			mainGroup = 166B3E3B195806EE003B9420;
			productRefGroup = 166B3E45195806EE003B9420 /* Products */;
			projectDirPath = "";
			projectRoot = "";
			targets = (
				166B3E43195806EE003B9420 /* Hereapp */,
				166B3E64195806EE003B9420 /* HereappTests */,
			);
		};
/* End PBXProject section */

/* Begin PBXResourcesBuildPhase section */
		166B3E42195806EE003B9420 /* Resources */ = {
			isa = PBXResourcesBuildPhase;
			buildActionMask = 2147483647;
			files = (
				166B3E60195806EE003B9420 /* Images.xcassets in Resources */,
				166B3E52195806EE003B9420 /* InfoPlist.strings in Resources */,
				166B3E5B195806EE003B9420 /* Main.storyboard in Resources */,
				167E36C2195F45B100F6125D /* P1030893.JPG in Resources */,
			);
			runOnlyForDeploymentPostprocessing = 0;
		};
		166B3E63195806EE003B9420 /* Resources */ = {
			isa = PBXResourcesBuildPhase;
			buildActionMask = 2147483647;
			files = (
				166B3E71195806EE003B9420 /* InfoPlist.strings in Resources */,
			);
			runOnlyForDeploymentPostprocessing = 0;
		};
/* End PBXResourcesBuildPhase section */

/* Begin PBXSourcesBuildPhase section */
		166B3E40195806EE003B9420 /* Sources */ = {
			isa = PBXSourcesBuildPhase;
			buildActionMask = 2147483647;
			files = (
				166B3E58195806EE003B9420 /* HEREAppDelegate.m in Sources */,
				166B3E5E195806EE003B9420 /* HEREViewController.m in Sources */,
				166B3E54195806EE003B9420 /* main.m in Sources */,
			);
			runOnlyForDeploymentPostprocessing = 0;
		};
		166B3E61195806EE003B9420 /* Sources */ = {
			isa = PBXSourcesBuildPhase;
			buildActionMask = 2147483647;
			files = (
				166B3E73195806EE003B9420 /* HereappTests.m in Sources */,
			);
			runOnlyForDeploymentPostprocessing = 0;
		};
/* End PBXSourcesBuildPhase section */

/* Begin PBXTargetDependency section */
		166B3E6B195806EE003B9420 /* PBXTargetDependency */ = {
			isa = PBXTargetDependency;
			target = 166B3E43195806EE003B9420 /* Hereapp */;
			targetProxy = 166B3E6A195806EE003B9420 /* PBXContainerItemProxy */;
		};
/* End PBXTargetDependency section */

/* Begin PBXVariantGroup section */
		166B3E50195806EE003B9420 /* InfoPlist.strings */ = {
			isa = PBXVariantGroup;
			children = (
				166B3E51195806EE003B9420 /* en */,
			);
			name = InfoPlist.strings;
			sourceTree = "<group>";
		};
		166B3E59195806EE003B9420 /* Main.storyboard */ = {
			isa = PBXVariantGroup;
			children = (
				166B3E5A195806EE003B9420 /* Base */,
			);
			name = Main.storyboard;
			sourceTree = "<group>";
		};
		166B3E6F195806EE003B9420 /* InfoPlist.strings */ = {
			isa = PBXVariantGroup;
			children = (
				166B3E70195806EE003B9420 /* en */,
			);
			name = InfoPlist.strings;
			sourceTree = "<group>";
		};
/* End PBXVariantGroup section */

/* Begin XCBuildConfiguration section */
		166B3E74195806EE003B9420 /* Debug */ = {
			isa = XCBuildConfiguration;
			buildSettings = {
				ALWAYS_SEARCH_USER_PATHS = NO;
				CLANG_CXX_LANGUAGE_STANDARD = "gnu++0x";
				CLANG_CXX_LIBRARY = "libc++";
				CLANG_ENABLE_MODULES = YES;
				CLANG_ENABLE_OBJC_ARC = YES;
				CLANG_WARN_BOOL_CONVERSION = YES;
				CLANG_WARN_CONSTANT_CONVERSION = YES;
				CLANG_WARN_DIRECT_OBJC_ISA_USAGE = YES_ERROR;
				CLANG_WARN_EMPTY_BODY = YES;
				CLANG_WARN_ENUM_CONVERSION = YES;
				CLANG_WARN_INT_CONVERSION = YES;
				CLANG_WARN_OBJC_ROOT_CLASS = YES_ERROR;
				CLANG_WARN__DUPLICATE_METHOD_MATCH = YES;
				"CODE_SIGN_IDENTITY[sdk=iphoneos*]" = "iPhone Developer";
				COPY_PHASE_STRIP = NO;
				GCC_C_LANGUAGE_STANDARD = gnu99;
				GCC_DYNAMIC_NO_PIC = NO;
				GCC_OPTIMIZATION_LEVEL = 0;
				GCC_PREPROCESSOR_DEFINITIONS = (
					"DEBUG=1",
					"$(inherited)",
				);
				GCC_SYMBOLS_PRIVATE_EXTERN = NO;
				GCC_WARN_64_TO_32_BIT_CONVERSION = YES;
				GCC_WARN_ABOUT_RETURN_TYPE = YES_ERROR;
				GCC_WARN_UNDECLARED_SELECTOR = YES;
				GCC_WARN_UNINITIALIZED_AUTOS = YES_AGGRESSIVE;
				GCC_WARN_UNUSED_FUNCTION = YES;
				GCC_WARN_UNUSED_VARIABLE = YES;
				IPHONEOS_DEPLOYMENT_TARGET = 7.1;
				ONLY_ACTIVE_ARCH = YES;
				SDKROOT = iphoneos;
			};
			name = Debug;
		};
		166B3E75195806EE003B9420 /* Release */ = {
			isa = XCBuildConfiguration;
			buildSettings = {
				ALWAYS_SEARCH_USER_PATHS = NO;
				CLANG_CXX_LANGUAGE_STANDARD = "gnu++0x";
				CLANG_CXX_LIBRARY = "libc++";
				CLANG_ENABLE_MODULES = YES;
				CLANG_ENABLE_OBJC_ARC = YES;
				CLANG_WARN_BOOL_CONVERSION = YES;
				CLANG_WARN_CONSTANT_CONVERSION = YES;
				CLANG_WARN_DIRECT_OBJC_ISA_USAGE = YES_ERROR;
				CLANG_WARN_EMPTY_BODY = YES;
				CLANG_WARN_ENUM_CONVERSION = YES;
				CLANG_WARN_INT_CONVERSION = YES;
				CLANG_WARN_OBJC_ROOT_CLASS = YES_ERROR;
				CLANG_WARN__DUPLICATE_METHOD_MATCH = YES;
				"CODE_SIGN_IDENTITY[sdk=iphoneos*]" = "iPhone Developer";
				COPY_PHASE_STRIP = YES;
				ENABLE_NS_ASSERTIONS = NO;
				GCC_C_LANGUAGE_STANDARD = gnu99;
				GCC_WARN_64_TO_32_BIT_CONVERSION = YES;
				GCC_WARN_ABOUT_RETURN_TYPE = YES_ERROR;
				GCC_WARN_UNDECLARED_SELECTOR = YES;
				GCC_WARN_UNINITIALIZED_AUTOS = YES_AGGRESSIVE;
				GCC_WARN_UNUSED_FUNCTION = YES;
				GCC_WARN_UNUSED_VARIABLE = YES;
				IPHONEOS_DEPLOYMENT_TARGET = 7.1;
				SDKROOT = iphoneos;
				VALIDATE_PRODUCT = YES;
			};
			name = Release;
		};
		166B3E77195806EE003B9420 /* Debug */ = {
			isa = XCBuildConfiguration;
			buildSettings = {
				ASSETCATALOG_COMPILER_LAUNCHIMAGE_NAME = LaunchImage;
				CODE_SIGN_IDENTITY = "iPhone Developer";
				GCC_PRECOMPILE_PREFIX_HEADER = YES;
				GCC_PREFIX_HEADER = "Hereapp/Hereapp-Prefix.pch";
				INFOPLIST_FILE = "Hereapp/Hereapp-Info.plist";
				PRODUCT_NAME = "$(TARGET_NAME)";
				WRAPPER_EXTENSION = app;
			};
			name = Debug;
		};
		166B3E78195806EE003B9420 /* Release */ = {
			isa = XCBuildConfiguration;
			buildSettings = {
				ASSETCATALOG_COMPILER_LAUNCHIMAGE_NAME = LaunchImage;
				CODE_SIGN_IDENTITY = "iPhone Developer";
				GCC_PRECOMPILE_PREFIX_HEADER = YES;
				GCC_PREFIX_HEADER = "Hereapp/Hereapp-Prefix.pch";
				INFOPLIST_FILE = "Hereapp/Hereapp-Info.plist";
				PRODUCT_NAME = "$(TARGET_NAME)";
				WRAPPER_EXTENSION = app;
			};
			name = Release;
		};
		166B3E7A195806EE003B9420 /* Debug */ = {
			isa = XCBuildConfiguration;
			buildSettings = {
				BUNDLE_LOADER = "$(BUILT_PRODUCTS_DIR)/Hereapp.app/Hereapp";
				FRAMEWORK_SEARCH_PATHS = (
					"$(SDKROOT)/Developer/Library/Frameworks",
					"$(inherited)",
					"$(DEVELOPER_FRAMEWORKS_DIR)",
				);
				GCC_PRECOMPILE_PREFIX_HEADER = YES;
				GCC_PREFIX_HEADER = "Hereapp/Hereapp-Prefix.pch";
				GCC_PREPROCESSOR_DEFINITIONS = (
					"DEBUG=1",
					"$(inherited)",
				);
				INFOPLIST_FILE = "HereappTests/HereappTests-Info.plist";
				PRODUCT_NAME = "$(TARGET_NAME)";
				TEST_HOST = "$(BUNDLE_LOADER)";
				WRAPPER_EXTENSION = xctest;
			};
			name = Debug;
		};
		166B3E7B195806EE003B9420 /* Release */ = {
			isa = XCBuildConfiguration;
			buildSettings = {
				BUNDLE_LOADER = "$(BUILT_PRODUCTS_DIR)/Hereapp.app/Hereapp";
				FRAMEWORK_SEARCH_PATHS = (
					"$(SDKROOT)/Developer/Library/Frameworks",
					"$(inherited)",
					"$(DEVELOPER_FRAMEWORKS_DIR)",
				);
				GCC_PRECOMPILE_PREFIX_HEADER = YES;
				GCC_PREFIX_HEADER = "Hereapp/Hereapp-Prefix.pch";
				INFOPLIST_FILE = "HereappTests/HereappTests-Info.plist";
				PRODUCT_NAME = "$(TARGET_NAME)";
				TEST_HOST = "$(BUNDLE_LOADER)";
				WRAPPER_EXTENSION = xctest;
			};
			name = Release;
		};
/* End XCBuildConfiguration section */

/* Begin XCConfigurationList section */
		166B3E3F195806EE003B9420 /* Build configuration list for PBXProject "Hereapp" */ = {
			isa = XCConfigurationList;
			buildConfigurations = (
				166B3E74195806EE003B9420 /* Debug */,
				166B3E75195806EE003B9420 /* Release */,
			);
			defaultConfigurationIsVisible = 0;
			defaultConfigurationName = Release;
		};
		166B3E76195806EE003B9420 /* Build configuration list for PBXNativeTarget "Hereapp" */ = {
			isa = XCConfigurationList;
			buildConfigurations = (
				166B3E77195806EE003B9420 /* Debug */,
				166B3E78195806EE003B9420 /* Release */,
			);
			defaultConfigurationIsVisible = 0;
			defaultConfigurationName = Release;
		};
		166B3E79195806EE003B9420 /* Build configuration list for PBXNativeTarget "HereappTests" */ = {
			isa = XCConfigurationList;
			buildConfigurations = (
				166B3E7A195806EE003B9420 /* Debug */,
				166B3E7B195806EE003B9420 /* Release */,
			);
			defaultConfigurationIsVisible = 0;
			defaultConfigurationName = Release;
		};
/* End XCConfigurationList section */
	};
	rootObject = 166B3E3C195806EE003B9420 /* Project object */;
}
